<?xml version="1.0" encoding="utf-8"?>
<Project ToolsVersion="4.0" xmlns="http://schemas.microsoft.com/developer/msbuild/2003">
  <ItemGroup>
    <ClCompile Include="engine\Timer.cpp">
      <Filter>Source Files</Filter>
    </ClCompile>
    <ClCompile Include="body\Body.cpp">
      <Filter>Source Files</Filter>
    </ClCompile>
    <ClCompile Include="body\CollisionBody.cpp">
      <Filter>Source Files</Filter>
    </ClCompile>
    <ClCompile Include="body\RigidBody.cpp">
      <Filter>Source Files</Filter>
    </ClCompile>
    <ClCompile Include="collision\ContactManifoldInfo.cpp">
      <Filter>Source Files</Filter>
    </ClCompile>
    <ClCompile Include="collision\broadphase\BroadPhaseAlgorithm.cpp">
      <Filter>Source Files</Filter>
    </ClCompile>
    <ClCompile Include="collision\broadphase\DynamicAABBTree.cpp">
      <Filter>Source Files</Filter>
    </ClCompile>
    <ClCompile Include="collision\narrowphase\DefaultCollisionDispatch.cpp">
      <Filter>Source Files</Filter>
    </ClCompile>
    <ClCompile Include="collision\narrowphase\GJK\VoronoiSimplex.cpp">
      <Filter>Source Files</Filter>
    </ClCompile>
    <ClCompile Include="collision\narrowphase\GJK\GJKAlgorithm.cpp">
      <Filter>Source Files</Filter>
    </ClCompile>
    <ClCompile Include="collision\narrowphase\SAT\SATAlgorithm.cpp">
      <Filter>Source Files</Filter>
    </ClCompile>
    <ClCompile Include="collision\narrowphase\SphereVsSphereAlgorithm.cpp">
      <Filter>Source Files</Filter>
    </ClCompile>
    <ClCompile Include="collision\narrowphase\CapsuleVsCapsuleAlgorithm.cpp">
      <Filter>Source Files</Filter>
    </ClCompile>
    <ClCompile Include="collision\narrowphase\SphereVsCapsuleAlgorithm.cpp">
      <Filter>Source Files</Filter>
    </ClCompile>
    <ClCompile Include="collision\narrowphase\SphereVsConvexPolyhedronAlgorithm.cpp">
      <Filter>Source Files</Filter>
    </ClCompile>
    <ClCompile Include="collision\narrowphase\CapsuleVsConvexPolyhedronAlgorithm.cpp">
      <Filter>Source Files</Filter>
    </ClCompile>
    <ClCompile Include="collision\narrowphase\ConvexPolyhedronVsConvexPolyhedronAlgorithm.cpp">
      <Filter>Source Files</Filter>
    </ClCompile>
    <ClCompile Include="collision\shapes\AABB.cpp">
      <Filter>Source Files</Filter>
    </ClCompile>
    <ClCompile Include="collision\shapes\ConvexShape.cpp">
      <Filter>Source Files</Filter>
    </ClCompile>
    <ClCompile Include="collision\shapes\ConvexPolyhedronShape.cpp">
      <Filter>Source Files</Filter>
    </ClCompile>
    <ClCompile Include="collision\shapes\ConcaveShape.cpp">
      <Filter>Source Files</Filter>
    </ClCompile>
    <ClCompile Include="collision\shapes\BoxShape.cpp">
      <Filter>Source Files</Filter>
    </ClCompile>
    <ClCompile Include="collision\shapes\CapsuleShape.cpp">
      <Filter>Source Files</Filter>
    </ClCompile>
    <ClCompile Include="collision\shapes\CollisionShape.cpp">
      <Filter>Source Files</Filter>
    </ClCompile>
    <ClCompile Include="collision\shapes\ConvexMeshShape.cpp">
      <Filter>Source Files</Filter>
    </ClCompile>
    <ClCompile Include="collision\shapes\SphereShape.cpp">
      <Filter>Source Files</Filter>
    </ClCompile>
    <ClCompile Include="collision\shapes\TriangleShape.cpp">
      <Filter>Source Files</Filter>
    </ClCompile>
    <ClCompile Include="collision\shapes\ConcaveMeshShape.cpp">
      <Filter>Source Files</Filter>
    </ClCompile>
    <ClCompile Include="collision\shapes\HeightFieldShape.cpp">
      <Filter>Source Files</Filter>
    </ClCompile>
    <ClCompile Include="collision\RaycastInfo.cpp">
      <Filter>Source Files</Filter>
    </ClCompile>
    <ClCompile Include="collision\ProxyShape.cpp">
      <Filter>Source Files</Filter>
    </ClCompile>
    <ClCompile Include="collision\TriangleVertexArray.cpp">
      <Filter>Source Files</Filter>
    </ClCompile>
    <ClCompile Include="collision\PolygonVertexArray.cpp">
      <Filter>Source Files</Filter>
    </ClCompile>
    <ClCompile Include="collision\TriangleMesh.cpp">
      <Filter>Source Files</Filter>
    </ClCompile>
    <ClCompile Include="collision\PolyhedronMesh.cpp">
      <Filter>Source Files</Filter>
    </ClCompile>
    <ClCompile Include="collision\HalfEdgeStructure.cpp">
      <Filter>Source Files</Filter>
    </ClCompile>
    <ClCompile Include="collision\CollisionDetection.cpp">
      <Filter>Source Files</Filter>
    </ClCompile>
    <ClCompile Include="collision\NarrowPhaseInfo.cpp">
      <Filter>Source Files</Filter>
    </ClCompile>
    <ClCompile Include="collision\ContactManifold.cpp">
      <Filter>Source Files</Filter>
    </ClCompile>
    <ClCompile Include="collision\ContactManifoldSet.cpp">
      <Filter>Source Files</Filter>
    </ClCompile>
    <ClCompile Include="collision\MiddlePhaseTriangleCallback.cpp">
      <Filter>Source Files</Filter>
    </ClCompile>
    <ClCompile Include="constraint\BallAndSocketJoint.cpp">
      <Filter>Source Files</Filter>
    </ClCompile>
    <ClCompile Include="constraint\ContactPoint.cpp">
      <Filter>Source Files</Filter>
    </ClCompile>
    <ClCompile Include="constraint\FixedJoint.cpp">
      <Filter>Source Files</Filter>
    </ClCompile>
    <ClCompile Include="constraint\HingeJoint.cpp">
      <Filter>Source Files</Filter>
    </ClCompile>
    <ClCompile Include="constraint\Joint.cpp">
      <Filter>Source Files</Filter>
    </ClCompile>
    <ClCompile Include="constraint\SliderJoint.cpp">
      <Filter>Source Files</Filter>
    </ClCompile>
    <ClCompile Include="engine\CollisionWorld.cpp">
      <Filter>Source Files</Filter>
    </ClCompile>
    <ClCompile Include="engine\ConstraintSolver.cpp">
      <Filter>Source Files</Filter>
    </ClCompile>
    <ClCompile Include="engine\ContactSolver.cpp">
      <Filter>Source Files</Filter>
    </ClCompile>
    <ClCompile Include="engine\DynamicsWorld.cpp">
      <Filter>Source Files</Filter>
    </ClCompile>
    <ClCompile Include="engine\Island.cpp">
      <Filter>Source Files</Filter>
    </ClCompile>
    <ClCompile Include="engine\Material.cpp">
      <Filter>Source Files</Filter>
    </ClCompile>
    <ClCompile Include="engine\OverlappingPair.cpp">
      <Filter>Source Files</Filter>
    </ClCompile>
    <ClCompile Include="collision\CollisionCallback.cpp">
      <Filter>Source Files</Filter>
    </ClCompile>
    <ClCompile Include="mathematics\mathematics_functions.cpp">
      <Filter>Source Files</Filter>
    </ClCompile>
    <ClCompile Include="mathematics\Matrix2x2.cpp">
      <Filter>Source Files</Filter>
    </ClCompile>
    <ClCompile Include="mathematics\Matrix3x3.cpp">
      <Filter>Source Files</Filter>
    </ClCompile>
    <ClCompile Include="mathematics\Quaternion.cpp">
      <Filter>Source Files</Filter>
    </ClCompile>
    <ClCompile Include="mathematics\Transform.cpp">
      <Filter>Source Files</Filter>
    </ClCompile>
    <ClCompile Include="mathematics\Vector2.cpp">
      <Filter>Source Files</Filter>
    </ClCompile>
    <ClCompile Include="mathematics\Vector3.cpp">
      <Filter>Source Files</Filter>
    </ClCompile>
    <ClCompile Include="memory\DefaultPoolAllocator.cpp">
      <Filter>Source Files</Filter>
    </ClCompile>
    <ClCompile Include="memory\DefaultSingleFrameAllocator.cpp">
      <Filter>Source Files</Filter>
    </ClCompile>
    <ClCompile Include="memory\MemoryManager.cpp">
      <Filter>Source Files</Filter>
    </ClCompile>
    <ClCompile Include="utils\Profiler.cpp">
      <Filter>Source Files</Filter>
    </ClCompile>
    <ClCompile Include="utils\Logger.cpp">
      <Filter>Source Files</Filter>
    </ClCompile>
  </ItemGroup>
  <ItemGroup>
    <ClInclude Include="configuration.h">
      <Filter>Header Files</Filter>
    </ClInclude>
    <ClInclude Include="decimal.h">
      <Filter>Header Files</Filter>
    </ClInclude>
    <ClInclude Include="reactphysics3d.h">
      <Filter>Header Files</Filter>
    </ClInclude>
    <ClInclude Include="body\Body.h">
      <Filter>Header Files</Filter>
    </ClInclude>
    <ClInclude Include="body\CollisionBody.h">
      <Filter>Header Files</Filter>
    </ClInclude>
    <ClInclude Include="body\RigidBody.h">
      <Filter>Header Files</Filter>
    </ClInclude>
    <ClInclude Include="collision\ContactPointInfo.h">
      <Filter>Header Files</Filter>
    </ClInclude>
    <ClInclude Include="collision\ContactManifoldInfo.h">
      <Filter>Header Files</Filter>
    </ClInclude>
    <ClInclude Include="collision\broadphase\BroadPhaseAlgorithm.h">
      <Filter>Header Files</Filter>
    </ClInclude>
    <ClInclude Include="collision\broadphase\DynamicAABBTree.h">
      <Filter>Header Files</Filter>
    </ClInclude>
    <ClInclude Include="collision\narrowphase\CollisionDispatch.h">
      <Filter>Header Files</Filter>
    </ClInclude>
    <ClInclude Include="collision\narrowphase\DefaultCollisionDispatch.h">
      <Filter>Header Files</Filter>
    </ClInclude>
    <ClInclude Include="collision\narrowphase\GJK\VoronoiSimplex.h">
      <Filter>Header Files</Filter>
    </ClInclude>
    <ClInclude Include="collision\narrowphase\GJK\GJKAlgorithm.h">
      <Filter>Header Files</Filter>
    </ClInclude>
    <ClInclude Include="collision\narrowphase\SAT\SATAlgorithm.h">
      <Filter>Header Files</Filter>
    </ClInclude>
    <ClInclude Include="collision\narrowphase\NarrowPhaseAlgorithm.h">
      <Filter>Header Files</Filter>
    </ClInclude>
    <ClInclude Include="collision\narrowphase\SphereVsSphereAlgorithm.h">
      <Filter>Header Files</Filter>
    </ClInclude>
    <ClInclude Include="collision\narrowphase\CapsuleVsCapsuleAlgorithm.h">
      <Filter>Header Files</Filter>
    </ClInclude>
    <ClInclude Include="collision\narrowphase\SphereVsCapsuleAlgorithm.h">
      <Filter>Header Files</Filter>
    </ClInclude>
    <ClInclude Include="collision\narrowphase\SphereVsConvexPolyhedronAlgorithm.h">
      <Filter>Header Files</Filter>
    </ClInclude>
    <ClInclude Include="collision\narrowphase\CapsuleVsConvexPolyhedronAlgorithm.h">
      <Filter>Header Files</Filter>
    </ClInclude>
    <ClInclude Include="collision\narrowphase\ConvexPolyhedronVsConvexPolyhedronAlgorithm.h">
      <Filter>Header Files</Filter>
    </ClInclude>
    <ClInclude Include="collision\shapes\AABB.h">
      <Filter>Header Files</Filter>
    </ClInclude>
    <ClInclude Include="collision\shapes\ConvexShape.h">
      <Filter>Header Files</Filter>
    </ClInclude>
    <ClInclude Include="collision\shapes\ConvexPolyhedronShape.h">
      <Filter>Header Files</Filter>
    </ClInclude>
    <ClInclude Include="collision\shapes\ConcaveShape.h">
      <Filter>Header Files</Filter>
    </ClInclude>
    <ClInclude Include="collision\shapes\BoxShape.h">
      <Filter>Header Files</Filter>
    </ClInclude>
    <ClInclude Include="collision\shapes\CapsuleShape.h">
      <Filter>Header Files</Filter>
    </ClInclude>
    <ClInclude Include="collision\shapes\CollisionShape.h">
      <Filter>Header Files</Filter>
    </ClInclude>
    <ClInclude Include="collision\shapes\ConvexMeshShape.h">
      <Filter>Header Files</Filter>
    </ClInclude>
    <ClInclude Include="collision\shapes\SphereShape.h">
      <Filter>Header Files</Filter>
    </ClInclude>
    <ClInclude Include="collision\shapes\TriangleShape.h">
      <Filter>Header Files</Filter>
    </ClInclude>
    <ClInclude Include="collision\shapes\ConcaveMeshShape.h">
      <Filter>Header Files</Filter>
    </ClInclude>
    <ClInclude Include="collision\shapes\HeightFieldShape.h">
      <Filter>Header Files</Filter>
    </ClInclude>
    <ClInclude Include="collision\RaycastInfo.h">
      <Filter>Header Files</Filter>
    </ClInclude>
    <ClInclude Include="collision\ProxyShape.h">
      <Filter>Header Files</Filter>
    </ClInclude>
    <ClInclude Include="collision\TriangleVertexArray.h">
      <Filter>Header Files</Filter>
    </ClInclude>
    <ClInclude Include="collision\PolygonVertexArray.h">
      <Filter>Header Files</Filter>
    </ClInclude>
    <ClInclude Include="collision\TriangleMesh.h">
      <Filter>Header Files</Filter>
    </ClInclude>
    <ClInclude Include="collision\PolyhedronMesh.h">
      <Filter>Header Files</Filter>
    </ClInclude>
    <ClInclude Include="collision\HalfEdgeStructure.h">
      <Filter>Header Files</Filter>
    </ClInclude>
    <ClInclude Include="collision\CollisionDetection.h">
      <Filter>Header Files</Filter>
    </ClInclude>
    <ClInclude Include="collision\NarrowPhaseInfo.h">
      <Filter>Header Files</Filter>
    </ClInclude>
    <ClInclude Include="collision\ContactManifold.h">
      <Filter>Header Files</Filter>
    </ClInclude>
    <ClInclude Include="collision\ContactManifoldSet.h">
      <Filter>Header Files</Filter>
    </ClInclude>
    <ClInclude Include="collision\MiddlePhaseTriangleCallback.h">
      <Filter>Header Files</Filter>
    </ClInclude>
    <ClInclude Include="constraint\BallAndSocketJoint.h">
      <Filter>Header Files</Filter>
    </ClInclude>
    <ClInclude Include="constraint\ContactPoint.h">
      <Filter>Header Files</Filter>
    </ClInclude>
    <ClInclude Include="constraint\FixedJoint.h">
      <Filter>Header Files</Filter>
    </ClInclude>
    <ClInclude Include="constraint\HingeJoint.h">
      <Filter>Header Files</Filter>
    </ClInclude>
    <ClInclude Include="constraint\Joint.h">
      <Filter>Header Files</Filter>
    </ClInclude>
    <ClInclude Include="constraint\SliderJoint.h">
      <Filter>Header Files</Filter>
    </ClInclude>
    <ClInclude Include="engine\CollisionWorld.h">
      <Filter>Header Files</Filter>
    </ClInclude>
    <ClInclude Include="engine\ConstraintSolver.h">
      <Filter>Header Files</Filter>
    </ClInclude>
    <ClInclude Include="engine\ContactSolver.h">
      <Filter>Header Files</Filter>
    </ClInclude>
    <ClInclude Include="engine\DynamicsWorld.h">
      <Filter>Header Files</Filter>
    </ClInclude>
    <ClInclude Include="engine\EventListener.h">
      <Filter>Header Files</Filter>
    </ClInclude>
    <ClInclude Include="engine\Island.h">
      <Filter>Header Files</Filter>
    </ClInclude>
    <ClInclude Include="engine\Material.h">
      <Filter>Header Files</Filter>
    </ClInclude>
    <ClInclude Include="engine\OverlappingPair.h">
      <Filter>Header Files</Filter>
    </ClInclude>
    <ClInclude Include="engine\Timer.h">
      <Filter>Header Files</Filter>
    </ClInclude>
    <ClInclude Include="collision\CollisionCallback.h">
      <Filter>Header Files</Filter>
    </ClInclude>
    <ClInclude Include="collision\OverlapCallback.h">
      <Filter>Header Files</Filter>
    </ClInclude>
    <ClInclude Include="mathematics\mathematics.h">
      <Filter>Header Files</Filter>
    </ClInclude>
    <ClInclude Include="mathematics\mathematics_functions.h">
      <Filter>Header Files</Filter>
    </ClInclude>
    <ClInclude Include="mathematics\Matrix2x2.h">
      <Filter>Header Files</Filter>
    </ClInclude>
    <ClInclude Include="mathematics\Matrix3x3.h">
      <Filter>Header Files</Filter>
    </ClInclude>
    <ClInclude Include="mathematics\Quaternion.h">
      <Filter>Header Files</Filter>
    </ClInclude>
    <ClInclude Include="mathematics\Transform.h">
      <Filter>Header Files</Filter>
    </ClInclude>
    <ClInclude Include="mathematics\Vector2.h">
      <Filter>Header Files</Filter>
    </ClInclude>
    <ClInclude Include="mathematics\Vector3.h">
      <Filter>Header Files</Filter>
    </ClInclude>
    <ClInclude Include="mathematics\Ray.h">
      <Filter>Header Files</Filter>
    </ClInclude>
    <ClInclude Include="memory\MemoryAllocator.h">
      <Filter>Header Files</Filter>
    </ClInclude>
    <ClInclude Include="memory\DefaultPoolAllocator.h">
      <Filter>Header Files</Filter>
    </ClInclude>
    <ClInclude Include="memory\DefaultSingleFrameAllocator.h">
      <Filter>Header Files</Filter>
    </ClInclude>
    <ClInclude Include="memory\DefaultAllocator.h">
      <Filter>Header Files</Filter>
    </ClInclude>
    <ClInclude Include="memory\MemoryManager.h">
      <Filter>Header Files</Filter>
    </ClInclude>
    <ClInclude Include="containers\Stack.h">
      <Filter>Header Files</Filter>
    </ClInclude>
    <ClInclude Include="containers\LinkedList.h">
      <Filter>Header Files</Filter>
    </ClInclude>
    <ClInclude Include="containers\List.h">
      <Filter>Header Files</Filter>
    </ClInclude>
    <ClInclude Include="containers\Map.h">
      <Filter>Header Files</Filter>
    </ClInclude>
    <ClInclude Include="containers\Set.h">
      <Filter>Header Files</Filter>
    </ClInclude>
    <ClInclude Include="containers\Pair.h">
      <Filter>Header Files</Filter>
    </ClInclude>
    <ClInclude Include="utils\Profiler.h">
      <Filter>Header Files</Filter>
    </ClInclude>
    <ClInclude Include="utils\Logger.h">
      <Filter>Header Files</Filter>
    </ClInclude>
    <ClInclude Include="pch.h" />
  </ItemGroup>
  <ItemGroup>
    <Filter Include="Header Files">
      <UniqueIdentifier>{497E2A7D-9F43-3932-9C44-8F26E820408A}</UniqueIdentifier>
    </Filter>
    <Filter Include="Source Files">
      <UniqueIdentifier>{27F5485A-7BB9-38FE-A549-CDEBD5D3F195}</UniqueIdentifier>
    </Filter>
  </ItemGroup>
</Project>